
Microsoft Visual Studio Solution File, Format Version 12.00
# Visual Studio Version 17
VisualStudioVersion = 17.0.31903.59
MinimumVisualStudioVersion = 10.0.40219.1
Project("{2150E333-8FDC-42A3-9474-1A3956D46DE8}") = "src", "src", "{4957F7D0-480E-4F9E-B0A8-2BE9DC2672CF}"
EndProject
Project("{FAE04EC0-301F-11D3-BF4B-00C04F79EFBC}") = "Shared", "src\Shared\Shared.csproj", "{39DCC91E-9D8C-4EC2-A311-B12521DE92FA}"
EndProject
Project("{FAE04EC0-301F-11D3-BF4B-00C04F79EFBC}") = "Venus", "src\Venus\Venus.csproj", "{0264CEA3-8524-4B14-883F-854A7B3AD0F8}"
EndProject
Project("{FAE04EC0-301F-11D3-BF4B-00C04F79EFBC}") = "Administration", "src\Administration\Administration.csproj", "{6FBB8CD5-EF78-4355-B1E5-5E55093072BC}"
EndProject
Project("{FAE04EC0-301F-11D3-BF4B-00C04F79EFBC}") = "MasterData", "src\MasterData\MasterData.csproj", "{E3F88599-E690-40FF-9065-F023784F98A9}"
EndProject
Project("{FAE04EC0-301F-11D3-BF4B-00C04F79EFBC}") = "Reports", "src\Reports\Reports.csproj", "{5BE39D22-68C3-47EE-8B45-F5FF4ACE94DF}"
EndProject
Project("{FAE04EC0-301F-11D3-BF4B-00C04F79EFBC}") = "Load", "src\Load\Load.csproj", "{74F9115C-A1AA-4B22-8614-7B9555451176}"
EndProject
Project("{FAE04EC0-301F-11D3-BF4B-00C04F79EFBC}") = "Search", "src\Search\Search.csproj", "{35CA6D33-58FD-45D6-96E7-9DA803F34425}"
EndProject
Project("{FAE04EC0-301F-11D3-BF4B-00C04F79EFBC}") = "Auth", "src\Auth\Auth.csproj", "{58F41BCE-EA2C-4D28-A183-1AB169A7C9EC}"
EndProject
Project("{FAE04EC0-301F-11D3-BF4B-00C04F79EFBC}") = "Solutions", "src\Solutions\Solutions.csproj", "{8E792273-6F80-47AA-BF2A-566C43A7685C}"
EndProject
Global
	GlobalSection(SolutionConfigurationPlatforms) = preSolution
		Debug|Any CPU = Debug|Any CPU
		Release|Any CPU = Release|Any CPU
	EndGlobalSection
	GlobalSection(SolutionProperties) = preSolution
		HideSolutionNode = FALSE
	EndGlobalSection
	GlobalSection(ProjectConfigurationPlatforms) = postSolution
		{39DCC91E-9D8C-4EC2-A311-B12521DE92FA}.Debug|Any CPU.ActiveCfg = Debug|Any CPU
		{39DCC91E-9D8C-4EC2-A311-B12521DE92FA}.Debug|Any CPU.Build.0 = Debug|Any CPU
		{39DCC91E-9D8C-4EC2-A311-B12521DE92FA}.Release|Any CPU.ActiveCfg = Release|Any CPU
		{39DCC91E-9D8C-4EC2-A311-B12521DE92FA}.Release|Any CPU.Build.0 = Release|Any CPU
		{0264CEA3-8524-4B14-883F-854A7B3AD0F8}.Debug|Any CPU.ActiveCfg = Debug|Any CPU
		{0264CEA3-8524-4B14-883F-854A7B3AD0F8}.Debug|Any CPU.Build.0 = Debug|Any CPU
		{0264CEA3-8524-4B14-883F-854A7B3AD0F8}.Release|Any CPU.ActiveCfg = Release|Any CPU
		{0264CEA3-8524-4B14-883F-854A7B3AD0F8}.Release|Any CPU.Build.0 = Release|Any CPU
		{6FBB8CD5-EF78-4355-B1E5-5E55093072BC}.Debug|Any CPU.ActiveCfg = Debug|Any CPU
		{6FBB8CD5-EF78-4355-B1E5-5E55093072BC}.Debug|Any CPU.Build.0 = Debug|Any CPU
		{6FBB8CD5-EF78-4355-B1E5-5E55093072BC}.Release|Any CPU.ActiveCfg = Release|Any CPU
		{6FBB8CD5-EF78-4355-B1E5-5E55093072BC}.Release|Any CPU.Build.0 = Release|Any CPU
		{E3F88599-E690-40FF-9065-F023784F98A9}.Debug|Any CPU.ActiveCfg = Debug|Any CPU
		{E3F88599-E690-40FF-9065-F023784F98A9}.Debug|Any CPU.Build.0 = Debug|Any CPU
		{E3F88599-E690-40FF-9065-F023784F98A9}.Release|Any CPU.ActiveCfg = Release|Any CPU
		{E3F88599-E690-40FF-9065-F023784F98A9}.Release|Any CPU.Build.0 = Release|Any CPU
		{5BE39D22-68C3-47EE-8B45-F5FF4ACE94DF}.Debug|Any CPU.ActiveCfg = Debug|Any CPU
		{5BE39D22-68C3-47EE-8B45-F5FF4ACE94DF}.Debug|Any CPU.Build.0 = Debug|Any CPU
		{5BE39D22-68C3-47EE-8B45-F5FF4ACE94DF}.Release|Any CPU.ActiveCfg = Release|Any CPU
		{5BE39D22-68C3-47EE-8B45-F5FF4ACE94DF}.Release|Any CPU.Build.0 = Release|Any CPU
		{74F9115C-A1AA-4B22-8614-7B9555451176}.Debug|Any CPU.ActiveCfg = Debug|Any CPU
		{74F9115C-A1AA-4B22-8614-7B9555451176}.Debug|Any CPU.Build.0 = Debug|Any CPU
		{74F9115C-A1AA-4B22-8614-7B9555451176}.Release|Any CPU.ActiveCfg = Release|Any CPU
		{74F9115C-A1AA-4B22-8614-7B9555451176}.Release|Any CPU.Build.0 = Release|Any CPU
		{35CA6D33-58FD-45D6-96E7-9DA803F34425}.Debug|Any CPU.ActiveCfg = Debug|Any CPU
		{35CA6D33-58FD-45D6-96E7-9DA803F34425}.Debug|Any CPU.Build.0 = Debug|Any CPU
		{35CA6D33-58FD-45D6-96E7-9DA803F34425}.Release|Any CPU.ActiveCfg = Release|Any CPU
		{35CA6D33-58FD-45D6-96E7-9DA803F34425}.Release|Any CPU.Build.0 = Release|Any CPU
		{58F41BCE-EA2C-4D28-A183-1AB169A7C9EC}.Debug|Any CPU.ActiveCfg = Debug|Any CPU
		{58F41BCE-EA2C-4D28-A183-1AB169A7C9EC}.Debug|Any CPU.Build.0 = Debug|Any CPU
		{58F41BCE-EA2C-4D28-A183-1AB169A7C9EC}.Release|Any CPU.ActiveCfg = Release|Any CPU
		{58F41BCE-EA2C-4D28-A183-1AB169A7C9EC}.Release|Any CPU.Build.0 = Release|Any CPU
		{8E792273-6F80-47AA-BF2A-566C43A7685C}.Debug|Any CPU.ActiveCfg = Debug|Any CPU
		{8E792273-6F80-47AA-BF2A-566C43A7685C}.Debug|Any CPU.Build.0 = Debug|Any CPU
		{8E792273-6F80-47AA-BF2A-566C43A7685C}.Release|Any CPU.ActiveCfg = Release|Any CPU
		{8E792273-6F80-47AA-BF2A-566C43A7685C}.Release|Any CPU.Build.0 = Release|Any CPU
	EndGlobalSection
	GlobalSection(NestedProjects) = preSolution
		{39DCC91E-9D8C-4EC2-A311-B12521DE92FA} = {4957F7D0-480E-4F9E-B0A8-2BE9DC2672CF}
		{0264CEA3-8524-4B14-883F-854A7B3AD0F8} = {4957F7D0-480E-4F9E-B0A8-2BE9DC2672CF}
		{6FBB8CD5-EF78-4355-B1E5-5E55093072BC} = {4957F7D0-480E-4F9E-B0A8-2BE9DC2672CF}
		{E3F88599-E690-40FF-9065-F023784F98A9} = {4957F7D0-480E-4F9E-B0A8-2BE9DC2672CF}
		{5BE39D22-68C3-47EE-8B45-F5FF4ACE94DF} = {4957F7D0-480E-4F9E-B0A8-2BE9DC2672CF}
		{74F9115C-A1AA-4B22-8614-7B9555451176} = {4957F7D0-480E-4F9E-B0A8-2BE9DC2672CF}
		{35CA6D33-58FD-45D6-96E7-9DA803F34425} = {4957F7D0-480E-4F9E-B0A8-2BE9DC2672CF}
		{58F41BCE-EA2C-4D28-A183-1AB169A7C9EC} = {4957F7D0-480E-4F9E-B0A8-2BE9DC2672CF}
		{8E792273-6F80-47AA-BF2A-566C43A7685C} = {4957F7D0-480E-4F9E-B0A8-2BE9DC2672CF}
	EndGlobalSection
EndGlobal
